
Microsoft Visual Studio Solution File, Format Version 12.00
# Visual Studio Version 16
VisualStudioVersion = 16.0.28531.58
MinimumVisualStudioVersion = 10.0.40219.1
Project("{6EC3EE1D-3C4E-46DD-8F32-0CC8E7565705}") = "OrderTaking", "OrderTaking\OrderTaking.fsproj", "{72441A55-53EC-4EEA-9515-D98399FA5EDA}"
EndProject
Global
	GlobalSection(SolutionConfigurationPlatforms) = preSolution
		Debug|Any CPU = Debug|Any CPU
		Release|Any CPU = Release|Any CPU
	EndGlobalSection
	GlobalSection(ProjectConfigurationPlatforms) = postSolution
		{72441A55-53EC-4EEA-9515-D98399FA5EDA}.Debug|Any CPU.ActiveCfg = Debug|Any CPU
		{72441A55-53EC-4EEA-9515-D98399FA5EDA}.Debug|Any CPU.Build.0 = Debug|Any CPU
		{72441A55-53EC-4EEA-9515-D98399FA5EDA}.Release|Any CPU.ActiveCfg = Release|Any CPU
		{72441A55-53EC-4EEA-9515-D98399FA5EDA}.Release|Any CPU.Build.0 = Release|Any CPU
	EndGlobalSection
	GlobalSection(SolutionProperties) = preSolution
		HideSolutionNode = FALSE
	EndGlobalSection
	GlobalSection(ExtensibilityGlobals) = postSolution
		SolutionGuid = {1E13318E-02BA-4BC9-9AE9-C605D427C9C2}
	EndGlobalSection
EndGlobal
